
Microsoft Visual Studio Solution File, Format Version 12.00
# Visual Studio Version 17
VisualStudioVersion = 17.4.33213.308
MinimumVisualStudioVersion = 10.0.40219.1
Project("{FAE04EC0-301F-11D3-BF4B-00C04F79EFBC}") = "SomethingInCommon", "SomethingInCommon.csproj", "{434A6EA7-25F2-4078-9D49-6EE124DCDD2D}"
EndProject
Global
	GlobalSection(SolutionConfigurationPlatforms) = preSolution
		Debug|Any CPU = Debug|Any CPU
		Release|Any CPU = Release|Any CPU
	EndGlobalSection
	GlobalSection(ProjectConfigurationPlatforms) = postSolution
		{434A6EA7-25F2-4078-9D49-6EE124DCDD2D}.Debug|Any CPU.ActiveCfg = Debug|Any CPU
		{434A6EA7-25F2-4078-9D49-6EE124DCDD2D}.Debug|Any CPU.Build.0 = Debug|Any CPU
		{434A6EA7-25F2-4078-9D49-6EE124DCDD2D}.Release|Any CPU.ActiveCfg = Release|Any CPU
		{434A6EA7-25F2-4078-9D49-6EE124DCDD2D}.Release|Any CPU.Build.0 = Release|Any CPU
	EndGlobalSection
	GlobalSection(SolutionProperties) = preSolution
		HideSolutionNode = FALSE
	EndGlobalSection
	GlobalSection(ExtensibilityGlobals) = postSolution
		SolutionGuid = {54BFF57B-7B52-4A26-9B92-7BD3F5C2FC6F}
	EndGlobalSection
EndGlobal
