
Microsoft Visual Studio Solution File, Format Version 12.00
# Visual Studio Version 17
VisualStudioVersion = 17.4.33213.308
MinimumVisualStudioVersion = 10.0.40219.1
Project("{FAE04EC0-301F-11D3-BF4B-00C04F79EFBC}") = "CarClass", "CarClass\CarClass.csproj", "{717585F0-99CB-4BC7-A0ED-BAAFB78EA86E}"
EndProject
Global
	GlobalSection(SolutionConfigurationPlatforms) = preSolution
		Debug|Any CPU = Debug|Any CPU
		Release|Any CPU = Release|Any CPU
	EndGlobalSection
	GlobalSection(ProjectConfigurationPlatforms) = postSolution
		{717585F0-99CB-4BC7-A0ED-BAAFB78EA86E}.Debug|Any CPU.ActiveCfg = Debug|Any CPU
		{717585F0-99CB-4BC7-A0ED-BAAFB78EA86E}.Debug|Any CPU.Build.0 = Debug|Any CPU
		{717585F0-99CB-4BC7-A0ED-BAAFB78EA86E}.Release|Any CPU.ActiveCfg = Release|Any CPU
		{717585F0-99CB-4BC7-A0ED-BAAFB78EA86E}.Release|Any CPU.Build.0 = Release|Any CPU
	EndGlobalSection
	GlobalSection(SolutionProperties) = preSolution
		HideSolutionNode = FALSE
	EndGlobalSection
	GlobalSection(ExtensibilityGlobals) = postSolution
		SolutionGuid = {1A194B62-72F4-4509-B922-89DC9C0C4382}
	EndGlobalSection
EndGlobal
