
Microsoft Visual Studio Solution File, Format Version 12.00
# Visual Studio Version 17
VisualStudioVersion = 17.4.33213.308
MinimumVisualStudioVersion = 10.0.40219.1
Project("{FAE04EC0-301F-11D3-BF4B-00C04F79EFBC}") = "Triangle", "Triangle.csproj", "{A187934A-8287-4639-B629-DCC004DA6068}"
EndProject
Global
	GlobalSection(SolutionConfigurationPlatforms) = preSolution
		Debug|Any CPU = Debug|Any CPU
		Release|Any CPU = Release|Any CPU
	EndGlobalSection
	GlobalSection(ProjectConfigurationPlatforms) = postSolution
		{A187934A-8287-4639-B629-DCC004DA6068}.Debug|Any CPU.ActiveCfg = Debug|Any CPU
		{A187934A-8287-4639-B629-DCC004DA6068}.Debug|Any CPU.Build.0 = Debug|Any CPU
		{A187934A-8287-4639-B629-DCC004DA6068}.Release|Any CPU.ActiveCfg = Release|Any CPU
		{A187934A-8287-4639-B629-DCC004DA6068}.Release|Any CPU.Build.0 = Release|Any CPU
	EndGlobalSection
	GlobalSection(SolutionProperties) = preSolution
		HideSolutionNode = FALSE
	EndGlobalSection
	GlobalSection(ExtensibilityGlobals) = postSolution
		SolutionGuid = {CD2E8117-C4B9-4039-9ADA-B52CE0501BB7}
	EndGlobalSection
EndGlobal
