
Microsoft Visual Studio Solution File, Format Version 12.00
# Visual Studio Version 17
VisualStudioVersion = 17.4.33213.308
MinimumVisualStudioVersion = 10.0.40219.1
Project("{FAE04EC0-301F-11D3-BF4B-00C04F79EFBC}") = "pproba", "pproba.csproj", "{0CD94BA6-701B-4FBE-9819-C6D220A552EA}"
EndProject
Global
	GlobalSection(SolutionConfigurationPlatforms) = preSolution
		Debug|Any CPU = Debug|Any CPU
		Release|Any CPU = Release|Any CPU
	EndGlobalSection
	GlobalSection(ProjectConfigurationPlatforms) = postSolution
		{0CD94BA6-701B-4FBE-9819-C6D220A552EA}.Debug|Any CPU.ActiveCfg = Debug|Any CPU
		{0CD94BA6-701B-4FBE-9819-C6D220A552EA}.Debug|Any CPU.Build.0 = Debug|Any CPU
		{0CD94BA6-701B-4FBE-9819-C6D220A552EA}.Release|Any CPU.ActiveCfg = Release|Any CPU
		{0CD94BA6-701B-4FBE-9819-C6D220A552EA}.Release|Any CPU.Build.0 = Release|Any CPU
	EndGlobalSection
	GlobalSection(SolutionProperties) = preSolution
		HideSolutionNode = FALSE
	EndGlobalSection
	GlobalSection(ExtensibilityGlobals) = postSolution
		SolutionGuid = {10263A63-0A3C-4E4E-BB41-83444742853E}
	EndGlobalSection
EndGlobal
