
Microsoft Visual Studio Solution File, Format Version 12.00
# Visual Studio Version 17
VisualStudioVersion = 17.4.33213.308
MinimumVisualStudioVersion = 10.0.40219.1
Project("{FAE04EC0-301F-11D3-BF4B-00C04F79EFBC}") = "LicensePlate", "LicensePlate.csproj", "{06E97E27-51F5-41B8-8A36-104B2949AACD}"
EndProject
Global
	GlobalSection(SolutionConfigurationPlatforms) = preSolution
		Debug|Any CPU = Debug|Any CPU
		Release|Any CPU = Release|Any CPU
	EndGlobalSection
	GlobalSection(ProjectConfigurationPlatforms) = postSolution
		{06E97E27-51F5-41B8-8A36-104B2949AACD}.Debug|Any CPU.ActiveCfg = Debug|Any CPU
		{06E97E27-51F5-41B8-8A36-104B2949AACD}.Debug|Any CPU.Build.0 = Debug|Any CPU
		{06E97E27-51F5-41B8-8A36-104B2949AACD}.Release|Any CPU.ActiveCfg = Release|Any CPU
		{06E97E27-51F5-41B8-8A36-104B2949AACD}.Release|Any CPU.Build.0 = Release|Any CPU
	EndGlobalSection
	GlobalSection(SolutionProperties) = preSolution
		HideSolutionNode = FALSE
	EndGlobalSection
	GlobalSection(ExtensibilityGlobals) = postSolution
		SolutionGuid = {60897CFE-2338-4BE0-9843-49EA04DE8C2D}
	EndGlobalSection
EndGlobal
