
Microsoft Visual Studio Solution File, Format Version 12.00
# Visual Studio Version 17
VisualStudioVersion = 17.4.33213.308
MinimumVisualStudioVersion = 10.0.40219.1
Project("{FAE04EC0-301F-11D3-BF4B-00C04F79EFBC}") = "thePianist", "thePianist\thePianist.csproj", "{0E48B013-876D-407F-BC55-EACA91480CBB}"
EndProject
Global
	GlobalSection(SolutionConfigurationPlatforms) = preSolution
		Debug|Any CPU = Debug|Any CPU
		Release|Any CPU = Release|Any CPU
	EndGlobalSection
	GlobalSection(ProjectConfigurationPlatforms) = postSolution
		{0E48B013-876D-407F-BC55-EACA91480CBB}.Debug|Any CPU.ActiveCfg = Debug|Any CPU
		{0E48B013-876D-407F-BC55-EACA91480CBB}.Debug|Any CPU.Build.0 = Debug|Any CPU
		{0E48B013-876D-407F-BC55-EACA91480CBB}.Release|Any CPU.ActiveCfg = Release|Any CPU
		{0E48B013-876D-407F-BC55-EACA91480CBB}.Release|Any CPU.Build.0 = Release|Any CPU
	EndGlobalSection
	GlobalSection(SolutionProperties) = preSolution
		HideSolutionNode = FALSE
	EndGlobalSection
	GlobalSection(ExtensibilityGlobals) = postSolution
		SolutionGuid = {C3DCED9C-D87D-432C-BC80-09CE48223DB8}
	EndGlobalSection
EndGlobal
