
Microsoft Visual Studio Solution File, Format Version 12.00
# Visual Studio Version 17
VisualStudioVersion = 17.4.33213.308
MinimumVisualStudioVersion = 10.0.40219.1
Project("{FAE04EC0-301F-11D3-BF4B-00C04F79EFBC}") = "Trueorfals", "Trueorfals.csproj", "{67D37856-D9C2-43B2-8527-917AC27D8292}"
EndProject
Global
	GlobalSection(SolutionConfigurationPlatforms) = preSolution
		Debug|Any CPU = Debug|Any CPU
		Release|Any CPU = Release|Any CPU
	EndGlobalSection
	GlobalSection(ProjectConfigurationPlatforms) = postSolution
		{67D37856-D9C2-43B2-8527-917AC27D8292}.Debug|Any CPU.ActiveCfg = Debug|Any CPU
		{67D37856-D9C2-43B2-8527-917AC27D8292}.Debug|Any CPU.Build.0 = Debug|Any CPU
		{67D37856-D9C2-43B2-8527-917AC27D8292}.Release|Any CPU.ActiveCfg = Release|Any CPU
		{67D37856-D9C2-43B2-8527-917AC27D8292}.Release|Any CPU.Build.0 = Release|Any CPU
	EndGlobalSection
	GlobalSection(SolutionProperties) = preSolution
		HideSolutionNode = FALSE
	EndGlobalSection
	GlobalSection(ExtensibilityGlobals) = postSolution
		SolutionGuid = {051F4167-FCFB-45AE-91EF-59B753535143}
	EndGlobalSection
EndGlobal
