
Microsoft Visual Studio Solution File, Format Version 12.00
# Visual Studio Version 17
VisualStudioVersion = 17.4.33213.308
MinimumVisualStudioVersion = 10.0.40219.1
Project("{FAE04EC0-301F-11D3-BF4B-00C04F79EFBC}") = "enterNumbers", "enterNumbers\enterNumbers.csproj", "{A0DDBD2C-EE65-4606-AFCE-B36C3086B3FD}"
EndProject
Global
	GlobalSection(SolutionConfigurationPlatforms) = preSolution
		Debug|Any CPU = Debug|Any CPU
		Release|Any CPU = Release|Any CPU
	EndGlobalSection
	GlobalSection(ProjectConfigurationPlatforms) = postSolution
		{A0DDBD2C-EE65-4606-AFCE-B36C3086B3FD}.Debug|Any CPU.ActiveCfg = Debug|Any CPU
		{A0DDBD2C-EE65-4606-AFCE-B36C3086B3FD}.Debug|Any CPU.Build.0 = Debug|Any CPU
		{A0DDBD2C-EE65-4606-AFCE-B36C3086B3FD}.Release|Any CPU.ActiveCfg = Release|Any CPU
		{A0DDBD2C-EE65-4606-AFCE-B36C3086B3FD}.Release|Any CPU.Build.0 = Release|Any CPU
	EndGlobalSection
	GlobalSection(SolutionProperties) = preSolution
		HideSolutionNode = FALSE
	EndGlobalSection
	GlobalSection(ExtensibilityGlobals) = postSolution
		SolutionGuid = {3CA695E6-1F1B-488B-8D0E-90319F0E8DA0}
	EndGlobalSection
EndGlobal
