
Microsoft Visual Studio Solution File, Format Version 12.00
# Visual Studio Version 17
VisualStudioVersion = 17.4.33213.308
MinimumVisualStudioVersion = 10.0.40219.1
Project("{9A19103F-16F7-4668-BE54-9A1E7A4F7556}") = "dRFunc", "dRFunc.csproj", "{0DF10053-C65B-4596-A549-EFBC431827A0}"
EndProject
Project("{9A19103F-16F7-4668-BE54-9A1E7A4F7556}") = "zad5", "..\zad5\zad5.csproj", "{D2FD277E-0593-4599-9B77-767C4AC12F28}"
EndProject
Project("{9A19103F-16F7-4668-BE54-9A1E7A4F7556}") = "zad6Func", "..\zad6Func\zad6Func.csproj", "{BB2B827F-D6FA-4146-A33E-6AF17202C2C5}"
EndProject
Project("{FAE04EC0-301F-11D3-BF4B-00C04F79EFBC}") = "zad7FuncExirsises", "..\zad7FuncExirsises\zad7FuncExirsises.csproj", "{AC17E18F-25B8-4370-B8D1-BCB978552554}"
EndProject
Global
	GlobalSection(SolutionConfigurationPlatforms) = preSolution
		Debug|Any CPU = Debug|Any CPU
		Release|Any CPU = Release|Any CPU
	EndGlobalSection
	GlobalSection(ProjectConfigurationPlatforms) = postSolution
		{0DF10053-C65B-4596-A549-EFBC431827A0}.Debug|Any CPU.ActiveCfg = Debug|Any CPU
		{0DF10053-C65B-4596-A549-EFBC431827A0}.Debug|Any CPU.Build.0 = Debug|Any CPU
		{0DF10053-C65B-4596-A549-EFBC431827A0}.Release|Any CPU.ActiveCfg = Release|Any CPU
		{0DF10053-C65B-4596-A549-EFBC431827A0}.Release|Any CPU.Build.0 = Release|Any CPU
		{D2FD277E-0593-4599-9B77-767C4AC12F28}.Debug|Any CPU.ActiveCfg = Debug|Any CPU
		{D2FD277E-0593-4599-9B77-767C4AC12F28}.Debug|Any CPU.Build.0 = Debug|Any CPU
		{D2FD277E-0593-4599-9B77-767C4AC12F28}.Release|Any CPU.ActiveCfg = Release|Any CPU
		{D2FD277E-0593-4599-9B77-767C4AC12F28}.Release|Any CPU.Build.0 = Release|Any CPU
		{BB2B827F-D6FA-4146-A33E-6AF17202C2C5}.Debug|Any CPU.ActiveCfg = Debug|Any CPU
		{BB2B827F-D6FA-4146-A33E-6AF17202C2C5}.Debug|Any CPU.Build.0 = Debug|Any CPU
		{BB2B827F-D6FA-4146-A33E-6AF17202C2C5}.Release|Any CPU.ActiveCfg = Release|Any CPU
		{BB2B827F-D6FA-4146-A33E-6AF17202C2C5}.Release|Any CPU.Build.0 = Release|Any CPU
		{AC17E18F-25B8-4370-B8D1-BCB978552554}.Debug|Any CPU.ActiveCfg = Debug|Any CPU
		{AC17E18F-25B8-4370-B8D1-BCB978552554}.Debug|Any CPU.Build.0 = Debug|Any CPU
		{AC17E18F-25B8-4370-B8D1-BCB978552554}.Release|Any CPU.ActiveCfg = Release|Any CPU
		{AC17E18F-25B8-4370-B8D1-BCB978552554}.Release|Any CPU.Build.0 = Release|Any CPU
	EndGlobalSection
	GlobalSection(SolutionProperties) = preSolution
		HideSolutionNode = FALSE
	EndGlobalSection
	GlobalSection(ExtensibilityGlobals) = postSolution
		SolutionGuid = {46EE445C-4E09-4B60-AED5-0C82B905C25B}
	EndGlobalSection
EndGlobal
