
Microsoft Visual Studio Solution File, Format Version 12.00
# Visual Studio Version 17
VisualStudioVersion = 17.4.33213.308
MinimumVisualStudioVersion = 10.0.40219.1
Project("{FAE04EC0-301F-11D3-BF4B-00C04F79EFBC}") = "trainList", "trainList.csproj", "{68BDE0B2-C0B5-450A-BFC6-C1A01BCF20D6}"
EndProject
Global
	GlobalSection(SolutionConfigurationPlatforms) = preSolution
		Debug|Any CPU = Debug|Any CPU
		Release|Any CPU = Release|Any CPU
	EndGlobalSection
	GlobalSection(ProjectConfigurationPlatforms) = postSolution
		{68BDE0B2-C0B5-450A-BFC6-C1A01BCF20D6}.Debug|Any CPU.ActiveCfg = Debug|Any CPU
		{68BDE0B2-C0B5-450A-BFC6-C1A01BCF20D6}.Debug|Any CPU.Build.0 = Debug|Any CPU
		{68BDE0B2-C0B5-450A-BFC6-C1A01BCF20D6}.Release|Any CPU.ActiveCfg = Release|Any CPU
		{68BDE0B2-C0B5-450A-BFC6-C1A01BCF20D6}.Release|Any CPU.Build.0 = Release|Any CPU
	EndGlobalSection
	GlobalSection(SolutionProperties) = preSolution
		HideSolutionNode = FALSE
	EndGlobalSection
	GlobalSection(ExtensibilityGlobals) = postSolution
		SolutionGuid = {8EF0E3C1-6C03-4D41-8BB7-E0D44CE0B31F}
	EndGlobalSection
EndGlobal
