
Microsoft Visual Studio Solution File, Format Version 12.00
# Visual Studio Version 17
VisualStudioVersion = 17.4.33213.308
MinimumVisualStudioVersion = 10.0.40219.1
Project("{FAE04EC0-301F-11D3-BF4B-00C04F79EFBC}") = "Clasove", "Clasove\Clasove.csproj", "{17312EFE-9EFC-41D2-8D4A-B818C4983E19}"
EndProject
Global
	GlobalSection(SolutionConfigurationPlatforms) = preSolution
		Debug|Any CPU = Debug|Any CPU
		Release|Any CPU = Release|Any CPU
	EndGlobalSection
	GlobalSection(ProjectConfigurationPlatforms) = postSolution
		{17312EFE-9EFC-41D2-8D4A-B818C4983E19}.Debug|Any CPU.ActiveCfg = Debug|Any CPU
		{17312EFE-9EFC-41D2-8D4A-B818C4983E19}.Debug|Any CPU.Build.0 = Debug|Any CPU
		{17312EFE-9EFC-41D2-8D4A-B818C4983E19}.Release|Any CPU.ActiveCfg = Release|Any CPU
		{17312EFE-9EFC-41D2-8D4A-B818C4983E19}.Release|Any CPU.Build.0 = Release|Any CPU
	EndGlobalSection
	GlobalSection(SolutionProperties) = preSolution
		HideSolutionNode = FALSE
	EndGlobalSection
	GlobalSection(ExtensibilityGlobals) = postSolution
		SolutionGuid = {49A7B393-9642-412D-97D9-2D6E30A12625}
	EndGlobalSection
EndGlobal
