
Microsoft Visual Studio Solution File, Format Version 12.00
# Visual Studio Version 17
VisualStudioVersion = 17.4.33213.308
MinimumVisualStudioVersion = 10.0.40219.1
Project("{FAE04EC0-301F-11D3-BF4B-00C04F79EFBC}") = "classes", "classes\classes.csproj", "{B06891AE-3932-498E-82F2-038239F9E66A}"
EndProject
Global
	GlobalSection(SolutionConfigurationPlatforms) = preSolution
		Debug|Any CPU = Debug|Any CPU
		Release|Any CPU = Release|Any CPU
	EndGlobalSection
	GlobalSection(ProjectConfigurationPlatforms) = postSolution
		{B06891AE-3932-498E-82F2-038239F9E66A}.Debug|Any CPU.ActiveCfg = Debug|Any CPU
		{B06891AE-3932-498E-82F2-038239F9E66A}.Debug|Any CPU.Build.0 = Debug|Any CPU
		{B06891AE-3932-498E-82F2-038239F9E66A}.Release|Any CPU.ActiveCfg = Release|Any CPU
		{B06891AE-3932-498E-82F2-038239F9E66A}.Release|Any CPU.Build.0 = Release|Any CPU
	EndGlobalSection
	GlobalSection(SolutionProperties) = preSolution
		HideSolutionNode = FALSE
	EndGlobalSection
	GlobalSection(ExtensibilityGlobals) = postSolution
		SolutionGuid = {517CB21B-CC5C-436E-B46C-AFDE0B5B5DF3}
	EndGlobalSection
EndGlobal
