
Microsoft Visual Studio Solution File, Format Version 12.00
# Visual Studio Version 17
VisualStudioVersion = 17.4.33213.308
MinimumVisualStudioVersion = 10.0.40219.1
Project("{FAE04EC0-301F-11D3-BF4B-00C04F79EFBC}") = "uprajnenie", "uprajnenie.csproj", "{B7145FE5-662A-489A-89BC-DA23F499C78C}"
EndProject
Global
	GlobalSection(SolutionConfigurationPlatforms) = preSolution
		Debug|Any CPU = Debug|Any CPU
		Release|Any CPU = Release|Any CPU
	EndGlobalSection
	GlobalSection(ProjectConfigurationPlatforms) = postSolution
		{B7145FE5-662A-489A-89BC-DA23F499C78C}.Debug|Any CPU.ActiveCfg = Debug|Any CPU
		{B7145FE5-662A-489A-89BC-DA23F499C78C}.Debug|Any CPU.Build.0 = Debug|Any CPU
		{B7145FE5-662A-489A-89BC-DA23F499C78C}.Release|Any CPU.ActiveCfg = Release|Any CPU
		{B7145FE5-662A-489A-89BC-DA23F499C78C}.Release|Any CPU.Build.0 = Release|Any CPU
	EndGlobalSection
	GlobalSection(SolutionProperties) = preSolution
		HideSolutionNode = FALSE
	EndGlobalSection
	GlobalSection(ExtensibilityGlobals) = postSolution
		SolutionGuid = {8C4433FF-DC3B-45FC-9488-0BACEE83AC5D}
	EndGlobalSection
EndGlobal
