
Microsoft Visual Studio Solution File, Format Version 12.00
# Visual Studio Version 17
VisualStudioVersion = 17.4.33213.308
MinimumVisualStudioVersion = 10.0.40219.1
Project("{FAE04EC0-301F-11D3-BF4B-00C04F79EFBC}") = "MonsterExtermination", "MonsterExtermination.csproj", "{8263166D-2D0F-401D-B4AA-E32A8CE02299}"
EndProject
Global
	GlobalSection(SolutionConfigurationPlatforms) = preSolution
		Debug|Any CPU = Debug|Any CPU
		Release|Any CPU = Release|Any CPU
	EndGlobalSection
	GlobalSection(ProjectConfigurationPlatforms) = postSolution
		{8263166D-2D0F-401D-B4AA-E32A8CE02299}.Debug|Any CPU.ActiveCfg = Debug|Any CPU
		{8263166D-2D0F-401D-B4AA-E32A8CE02299}.Debug|Any CPU.Build.0 = Debug|Any CPU
		{8263166D-2D0F-401D-B4AA-E32A8CE02299}.Release|Any CPU.ActiveCfg = Release|Any CPU
		{8263166D-2D0F-401D-B4AA-E32A8CE02299}.Release|Any CPU.Build.0 = Release|Any CPU
	EndGlobalSection
	GlobalSection(SolutionProperties) = preSolution
		HideSolutionNode = FALSE
	EndGlobalSection
	GlobalSection(ExtensibilityGlobals) = postSolution
		SolutionGuid = {D8F2D3D5-BFDB-4262-8358-F2676CC3A13A}
	EndGlobalSection
EndGlobal
