
Microsoft Visual Studio Solution File, Format Version 12.00
# Visual Studio Version 17
VisualStudioVersion = 17.4.33213.308
MinimumVisualStudioVersion = 10.0.40219.1
Project("{9A19103F-16F7-4668-BE54-9A1E7A4F7556}") = "SumMatrix", "SumMatrix.csproj", "{0A293E97-6E54-44D0-A4B8-6E074ECBD76B}"
EndProject
Project("{9A19103F-16F7-4668-BE54-9A1E7A4F7556}") = "MultiArr", "..\MultiArr\MultiArr.csproj", "{C09E30BA-E900-44E5-AED1-418109DAAF64}"
EndProject
Project("{9A19103F-16F7-4668-BE54-9A1E7A4F7556}") = "SUmmatrixColum", "..\SUmmatrixColum\SUmmatrixColum.csproj", "{EC98472F-1AD9-425F-A7C1-3C547A4D580C}"
EndProject
Project("{FAE04EC0-301F-11D3-BF4B-00C04F79EFBC}") = "DiogonalMatric", "..\DiogonalMatric\DiogonalMatric.csproj", "{15621CC5-3C79-4412-B9F3-E6CBC4BF1CF5}"
EndProject
Project("{FAE04EC0-301F-11D3-BF4B-00C04F79EFBC}") = "Zad5MatrixLab", "..\Zad5MatrixLab\Zad5MatrixLab.csproj", "{F6809CA1-61E8-49B4-99C2-8270473CCD1B}"
EndProject
Project("{FAE04EC0-301F-11D3-BF4B-00C04F79EFBC}") = "squaresInMatrixx", "..\squaresInMatrixx\squaresInMatrixx.csproj", "{C65FFB91-2F3D-4C39-9781-A36AE608945E}"
EndProject
Project("{FAE04EC0-301F-11D3-BF4B-00C04F79EFBC}") = "Matrix3x3", "..\Matrix3x3\Matrix3x3.csproj", "{EC527EEA-0C7F-4789-ACB9-2EBE9ADFF490}"
EndProject
Global
	GlobalSection(SolutionConfigurationPlatforms) = preSolution
		Debug|Any CPU = Debug|Any CPU
		Release|Any CPU = Release|Any CPU
	EndGlobalSection
	GlobalSection(ProjectConfigurationPlatforms) = postSolution
		{0A293E97-6E54-44D0-A4B8-6E074ECBD76B}.Debug|Any CPU.ActiveCfg = Debug|Any CPU
		{0A293E97-6E54-44D0-A4B8-6E074ECBD76B}.Debug|Any CPU.Build.0 = Debug|Any CPU
		{0A293E97-6E54-44D0-A4B8-6E074ECBD76B}.Release|Any CPU.ActiveCfg = Release|Any CPU
		{0A293E97-6E54-44D0-A4B8-6E074ECBD76B}.Release|Any CPU.Build.0 = Release|Any CPU
		{C09E30BA-E900-44E5-AED1-418109DAAF64}.Debug|Any CPU.ActiveCfg = Debug|Any CPU
		{C09E30BA-E900-44E5-AED1-418109DAAF64}.Debug|Any CPU.Build.0 = Debug|Any CPU
		{C09E30BA-E900-44E5-AED1-418109DAAF64}.Release|Any CPU.ActiveCfg = Release|Any CPU
		{C09E30BA-E900-44E5-AED1-418109DAAF64}.Release|Any CPU.Build.0 = Release|Any CPU
		{EC98472F-1AD9-425F-A7C1-3C547A4D580C}.Debug|Any CPU.ActiveCfg = Debug|Any CPU
		{EC98472F-1AD9-425F-A7C1-3C547A4D580C}.Debug|Any CPU.Build.0 = Debug|Any CPU
		{EC98472F-1AD9-425F-A7C1-3C547A4D580C}.Release|Any CPU.ActiveCfg = Release|Any CPU
		{EC98472F-1AD9-425F-A7C1-3C547A4D580C}.Release|Any CPU.Build.0 = Release|Any CPU
		{15621CC5-3C79-4412-B9F3-E6CBC4BF1CF5}.Debug|Any CPU.ActiveCfg = Debug|Any CPU
		{15621CC5-3C79-4412-B9F3-E6CBC4BF1CF5}.Debug|Any CPU.Build.0 = Debug|Any CPU
		{15621CC5-3C79-4412-B9F3-E6CBC4BF1CF5}.Release|Any CPU.ActiveCfg = Release|Any CPU
		{15621CC5-3C79-4412-B9F3-E6CBC4BF1CF5}.Release|Any CPU.Build.0 = Release|Any CPU
		{F6809CA1-61E8-49B4-99C2-8270473CCD1B}.Debug|Any CPU.ActiveCfg = Debug|Any CPU
		{F6809CA1-61E8-49B4-99C2-8270473CCD1B}.Debug|Any CPU.Build.0 = Debug|Any CPU
		{F6809CA1-61E8-49B4-99C2-8270473CCD1B}.Release|Any CPU.ActiveCfg = Release|Any CPU
		{F6809CA1-61E8-49B4-99C2-8270473CCD1B}.Release|Any CPU.Build.0 = Release|Any CPU
		{C65FFB91-2F3D-4C39-9781-A36AE608945E}.Debug|Any CPU.ActiveCfg = Debug|Any CPU
		{C65FFB91-2F3D-4C39-9781-A36AE608945E}.Debug|Any CPU.Build.0 = Debug|Any CPU
		{C65FFB91-2F3D-4C39-9781-A36AE608945E}.Release|Any CPU.ActiveCfg = Release|Any CPU
		{C65FFB91-2F3D-4C39-9781-A36AE608945E}.Release|Any CPU.Build.0 = Release|Any CPU
		{EC527EEA-0C7F-4789-ACB9-2EBE9ADFF490}.Debug|Any CPU.ActiveCfg = Debug|Any CPU
		{EC527EEA-0C7F-4789-ACB9-2EBE9ADFF490}.Debug|Any CPU.Build.0 = Debug|Any CPU
		{EC527EEA-0C7F-4789-ACB9-2EBE9ADFF490}.Release|Any CPU.ActiveCfg = Release|Any CPU
		{EC527EEA-0C7F-4789-ACB9-2EBE9ADFF490}.Release|Any CPU.Build.0 = Release|Any CPU
	EndGlobalSection
	GlobalSection(SolutionProperties) = preSolution
		HideSolutionNode = FALSE
	EndGlobalSection
	GlobalSection(ExtensibilityGlobals) = postSolution
		SolutionGuid = {9C00A563-DB95-423D-9052-1FFCFDE176CB}
	EndGlobalSection
EndGlobal
