
Microsoft Visual Studio Solution File, Format Version 12.00
# Visual Studio Version 17
VisualStudioVersion = 17.4.33213.308
MinimumVisualStudioVersion = 10.0.40219.1
Project("{FAE04EC0-301F-11D3-BF4B-00C04F79EFBC}") = "train", "train.csproj", "{CCD4C468-9643-4E1A-A120-2AB8FD6BCFEF}"
EndProject
Global
	GlobalSection(SolutionConfigurationPlatforms) = preSolution
		Debug|Any CPU = Debug|Any CPU
		Release|Any CPU = Release|Any CPU
	EndGlobalSection
	GlobalSection(ProjectConfigurationPlatforms) = postSolution
		{CCD4C468-9643-4E1A-A120-2AB8FD6BCFEF}.Debug|Any CPU.ActiveCfg = Debug|Any CPU
		{CCD4C468-9643-4E1A-A120-2AB8FD6BCFEF}.Debug|Any CPU.Build.0 = Debug|Any CPU
		{CCD4C468-9643-4E1A-A120-2AB8FD6BCFEF}.Release|Any CPU.ActiveCfg = Release|Any CPU
		{CCD4C468-9643-4E1A-A120-2AB8FD6BCFEF}.Release|Any CPU.Build.0 = Release|Any CPU
	EndGlobalSection
	GlobalSection(SolutionProperties) = preSolution
		HideSolutionNode = FALSE
	EndGlobalSection
	GlobalSection(ExtensibilityGlobals) = postSolution
		SolutionGuid = {6031ED15-A05E-4A47-AA16-5AAED1B9CA92}
	EndGlobalSection
EndGlobal
