
Microsoft Visual Studio Solution File, Format Version 12.00
# Visual Studio Version 17
VisualStudioVersion = 17.4.33213.308
MinimumVisualStudioVersion = 10.0.40219.1
Project("{FAE04EC0-301F-11D3-BF4B-00C04F79EFBC}") = "converterNumSystemToDecimal", "converterNumSystemToDecimal\converterNumSystemToDecimal.csproj", "{23D4BE3E-677F-4724-905C-579394225FCB}"
EndProject
Global
	GlobalSection(SolutionConfigurationPlatforms) = preSolution
		Debug|Any CPU = Debug|Any CPU
		Release|Any CPU = Release|Any CPU
	EndGlobalSection
	GlobalSection(ProjectConfigurationPlatforms) = postSolution
		{23D4BE3E-677F-4724-905C-579394225FCB}.Debug|Any CPU.ActiveCfg = Debug|Any CPU
		{23D4BE3E-677F-4724-905C-579394225FCB}.Debug|Any CPU.Build.0 = Debug|Any CPU
		{23D4BE3E-677F-4724-905C-579394225FCB}.Release|Any CPU.ActiveCfg = Release|Any CPU
		{23D4BE3E-677F-4724-905C-579394225FCB}.Release|Any CPU.Build.0 = Release|Any CPU
	EndGlobalSection
	GlobalSection(SolutionProperties) = preSolution
		HideSolutionNode = FALSE
	EndGlobalSection
	GlobalSection(ExtensibilityGlobals) = postSolution
		SolutionGuid = {7927FF77-1748-48A6-B6CD-D4150062D88E}
	EndGlobalSection
EndGlobal
