
Microsoft Visual Studio Solution File, Format Version 12.00
# Visual Studio Version 17
VisualStudioVersion = 17.4.33213.308
MinimumVisualStudioVersion = 10.0.40219.1
Project("{FAE04EC0-301F-11D3-BF4B-00C04F79EFBC}") = "Sumevennumbers", "Sumevennumbers.csproj", "{0DC34625-62C5-4632-A81C-62931B8EB661}"
EndProject
Global
	GlobalSection(SolutionConfigurationPlatforms) = preSolution
		Debug|Any CPU = Debug|Any CPU
		Release|Any CPU = Release|Any CPU
	EndGlobalSection
	GlobalSection(ProjectConfigurationPlatforms) = postSolution
		{0DC34625-62C5-4632-A81C-62931B8EB661}.Debug|Any CPU.ActiveCfg = Debug|Any CPU
		{0DC34625-62C5-4632-A81C-62931B8EB661}.Debug|Any CPU.Build.0 = Debug|Any CPU
		{0DC34625-62C5-4632-A81C-62931B8EB661}.Release|Any CPU.ActiveCfg = Release|Any CPU
		{0DC34625-62C5-4632-A81C-62931B8EB661}.Release|Any CPU.Build.0 = Release|Any CPU
	EndGlobalSection
	GlobalSection(SolutionProperties) = preSolution
		HideSolutionNode = FALSE
	EndGlobalSection
	GlobalSection(ExtensibilityGlobals) = postSolution
		SolutionGuid = {EE2A5A8B-939D-4EB7-9B2A-4095575D1127}
	EndGlobalSection
EndGlobal
