
Microsoft Visual Studio Solution File, Format Version 12.00
# Visual Studio Version 17
VisualStudioVersion = 17.4.33213.308
MinimumVisualStudioVersion = 10.0.40219.1
Project("{FAE04EC0-301F-11D3-BF4B-00C04F79EFBC}") = "articlesClass", "articlesClass\articlesClass.csproj", "{A6CE8F4B-00D1-43CF-B94F-52D0D753F5E7}"
EndProject
Global
	GlobalSection(SolutionConfigurationPlatforms) = preSolution
		Debug|Any CPU = Debug|Any CPU
		Release|Any CPU = Release|Any CPU
	EndGlobalSection
	GlobalSection(ProjectConfigurationPlatforms) = postSolution
		{A6CE8F4B-00D1-43CF-B94F-52D0D753F5E7}.Debug|Any CPU.ActiveCfg = Debug|Any CPU
		{A6CE8F4B-00D1-43CF-B94F-52D0D753F5E7}.Debug|Any CPU.Build.0 = Debug|Any CPU
		{A6CE8F4B-00D1-43CF-B94F-52D0D753F5E7}.Release|Any CPU.ActiveCfg = Release|Any CPU
		{A6CE8F4B-00D1-43CF-B94F-52D0D753F5E7}.Release|Any CPU.Build.0 = Release|Any CPU
	EndGlobalSection
	GlobalSection(SolutionProperties) = preSolution
		HideSolutionNode = FALSE
	EndGlobalSection
	GlobalSection(ExtensibilityGlobals) = postSolution
		SolutionGuid = {31BDABAC-E7D1-4E8C-9654-13BDDB7ACEA0}
	EndGlobalSection
EndGlobal
