
Microsoft Visual Studio Solution File, Format Version 12.00
# Visual Studio Version 17
VisualStudioVersion = 17.4.33213.308
MinimumVisualStudioVersion = 10.0.40219.1
Project("{FAE04EC0-301F-11D3-BF4B-00C04F79EFBC}") = "ConsoleApp1", "ConsoleApp1.csproj", "{A37744C0-2750-4F79-BE66-F12409228B5A}"
EndProject
Global
	GlobalSection(SolutionConfigurationPlatforms) = preSolution
		Debug|Any CPU = Debug|Any CPU
		Release|Any CPU = Release|Any CPU
	EndGlobalSection
	GlobalSection(ProjectConfigurationPlatforms) = postSolution
		{A37744C0-2750-4F79-BE66-F12409228B5A}.Debug|Any CPU.ActiveCfg = Debug|Any CPU
		{A37744C0-2750-4F79-BE66-F12409228B5A}.Debug|Any CPU.Build.0 = Debug|Any CPU
		{A37744C0-2750-4F79-BE66-F12409228B5A}.Release|Any CPU.ActiveCfg = Release|Any CPU
		{A37744C0-2750-4F79-BE66-F12409228B5A}.Release|Any CPU.Build.0 = Release|Any CPU
	EndGlobalSection
	GlobalSection(SolutionProperties) = preSolution
		HideSolutionNode = FALSE
	EndGlobalSection
	GlobalSection(ExtensibilityGlobals) = postSolution
		SolutionGuid = {9C709AC7-132C-43FD-A0DD-B1968C2ACFD9}
	EndGlobalSection
EndGlobal
