
Microsoft Visual Studio Solution File, Format Version 12.00
# Visual Studio Version 17
VisualStudioVersion = 17.4.33213.308
MinimumVisualStudioVersion = 10.0.40219.1
Project("{FAE04EC0-301F-11D3-BF4B-00C04F79EFBC}") = "ProjectTennisScoreApp", "ProjectTennisScoreApp.csproj", "{DCC7409A-C348-469E-A80A-09894607F4BF}"
EndProject
Global
	GlobalSection(SolutionConfigurationPlatforms) = preSolution
		Debug|Any CPU = Debug|Any CPU
		Release|Any CPU = Release|Any CPU
	EndGlobalSection
	GlobalSection(ProjectConfigurationPlatforms) = postSolution
		{DCC7409A-C348-469E-A80A-09894607F4BF}.Debug|Any CPU.ActiveCfg = Debug|Any CPU
		{DCC7409A-C348-469E-A80A-09894607F4BF}.Debug|Any CPU.Build.0 = Debug|Any CPU
		{DCC7409A-C348-469E-A80A-09894607F4BF}.Release|Any CPU.ActiveCfg = Release|Any CPU
		{DCC7409A-C348-469E-A80A-09894607F4BF}.Release|Any CPU.Build.0 = Release|Any CPU
	EndGlobalSection
	GlobalSection(SolutionProperties) = preSolution
		HideSolutionNode = FALSE
	EndGlobalSection
	GlobalSection(ExtensibilityGlobals) = postSolution
		SolutionGuid = {4DB1C805-EAED-42B5-8E27-32BEC32F5A68}
	EndGlobalSection
EndGlobal
