
Microsoft Visual Studio Solution File, Format Version 12.00
# Visual Studio Version 17
VisualStudioVersion = 17.4.33213.308
MinimumVisualStudioVersion = 10.0.40219.1
Project("{FAE04EC0-301F-11D3-BF4B-00C04F79EFBC}") = "dictionaryTry", "dictionaryTry.csproj", "{63910C6B-3D31-4C2B-AB7C-E026AE2BE38D}"
EndProject
Global
	GlobalSection(SolutionConfigurationPlatforms) = preSolution
		Debug|Any CPU = Debug|Any CPU
		Release|Any CPU = Release|Any CPU
	EndGlobalSection
	GlobalSection(ProjectConfigurationPlatforms) = postSolution
		{63910C6B-3D31-4C2B-AB7C-E026AE2BE38D}.Debug|Any CPU.ActiveCfg = Debug|Any CPU
		{63910C6B-3D31-4C2B-AB7C-E026AE2BE38D}.Debug|Any CPU.Build.0 = Debug|Any CPU
		{63910C6B-3D31-4C2B-AB7C-E026AE2BE38D}.Release|Any CPU.ActiveCfg = Release|Any CPU
		{63910C6B-3D31-4C2B-AB7C-E026AE2BE38D}.Release|Any CPU.Build.0 = Release|Any CPU
	EndGlobalSection
	GlobalSection(SolutionProperties) = preSolution
		HideSolutionNode = FALSE
	EndGlobalSection
	GlobalSection(ExtensibilityGlobals) = postSolution
		SolutionGuid = {B091F450-B3B1-470B-926B-3773CF464E6C}
	EndGlobalSection
EndGlobal
