
Microsoft Visual Studio Solution File, Format Version 12.00
# Visual Studio Version 17
VisualStudioVersion = 17.4.33213.308
MinimumVisualStudioVersion = 10.0.40219.1
Project("{FAE04EC0-301F-11D3-BF4B-00C04F79EFBC}") = "theEngimaMachine", "theEngimaMachine\theEngimaMachine.csproj", "{0DE9C6FF-65EC-46D0-99A8-313C0A545D4D}"
EndProject
Global
	GlobalSection(SolutionConfigurationPlatforms) = preSolution
		Debug|Any CPU = Debug|Any CPU
		Release|Any CPU = Release|Any CPU
	EndGlobalSection
	GlobalSection(ProjectConfigurationPlatforms) = postSolution
		{0DE9C6FF-65EC-46D0-99A8-313C0A545D4D}.Debug|Any CPU.ActiveCfg = Debug|Any CPU
		{0DE9C6FF-65EC-46D0-99A8-313C0A545D4D}.Debug|Any CPU.Build.0 = Debug|Any CPU
		{0DE9C6FF-65EC-46D0-99A8-313C0A545D4D}.Release|Any CPU.ActiveCfg = Release|Any CPU
		{0DE9C6FF-65EC-46D0-99A8-313C0A545D4D}.Release|Any CPU.Build.0 = Release|Any CPU
	EndGlobalSection
	GlobalSection(SolutionProperties) = preSolution
		HideSolutionNode = FALSE
	EndGlobalSection
	GlobalSection(ExtensibilityGlobals) = postSolution
		SolutionGuid = {2F5A75ED-7DF2-41CD-9D37-7C7137800A1F}
	EndGlobalSection
EndGlobal
