
Microsoft Visual Studio Solution File, Format Version 12.00
# Visual Studio Version 17
VisualStudioVersion = 17.4.33213.308
MinimumVisualStudioVersion = 10.0.40219.1
Project("{FAE04EC0-301F-11D3-BF4B-00C04F79EFBC}") = "destroyerSolution", "destroyerSolution.csproj", "{AF857859-EB74-4805-A0EB-7047F103DFDC}"
EndProject
Global
	GlobalSection(SolutionConfigurationPlatforms) = preSolution
		Debug|Any CPU = Debug|Any CPU
		Release|Any CPU = Release|Any CPU
	EndGlobalSection
	GlobalSection(ProjectConfigurationPlatforms) = postSolution
		{AF857859-EB74-4805-A0EB-7047F103DFDC}.Debug|Any CPU.ActiveCfg = Debug|Any CPU
		{AF857859-EB74-4805-A0EB-7047F103DFDC}.Debug|Any CPU.Build.0 = Debug|Any CPU
		{AF857859-EB74-4805-A0EB-7047F103DFDC}.Release|Any CPU.ActiveCfg = Release|Any CPU
		{AF857859-EB74-4805-A0EB-7047F103DFDC}.Release|Any CPU.Build.0 = Release|Any CPU
	EndGlobalSection
	GlobalSection(SolutionProperties) = preSolution
		HideSolutionNode = FALSE
	EndGlobalSection
	GlobalSection(ExtensibilityGlobals) = postSolution
		SolutionGuid = {7B399490-D7DF-472A-B129-463152130FDE}
	EndGlobalSection
EndGlobal
